
Microsoft Visual Studio Solution File, Format Version 12.00
# Visual Studio Version 17
VisualStudioVersion = 17.9.34607.119
MinimumVisualStudioVersion = 10.0.40219.1
Project("{FAE04EC0-301F-11D3-BF4B-00C04F79EFBC}") = "CustomerApplication", "CustomerApplication.csproj", "{9B2BF0DE-42D0-471E-A5D7-7598BED5CCC4}"
EndProject
Global
	GlobalSection(SolutionConfigurationPlatforms) = preSolution
		Debug|Any CPU = Debug|Any CPU
		Release|Any CPU = Release|Any CPU
	EndGlobalSection
	GlobalSection(ProjectConfigurationPlatforms) = postSolution
		{9B2BF0DE-42D0-471E-A5D7-7598BED5CCC4}.Debug|Any CPU.ActiveCfg = Debug|Any CPU
		{9B2BF0DE-42D0-471E-A5D7-7598BED5CCC4}.Debug|Any CPU.Build.0 = Debug|Any CPU
		{9B2BF0DE-42D0-471E-A5D7-7598BED5CCC4}.Release|Any CPU.ActiveCfg = Release|Any CPU
		{9B2BF0DE-42D0-471E-A5D7-7598BED5CCC4}.Release|Any CPU.Build.0 = Release|Any CPU
	EndGlobalSection
	GlobalSection(SolutionProperties) = preSolution
		HideSolutionNode = FALSE
	EndGlobalSection
	GlobalSection(ExtensibilityGlobals) = postSolution
		SolutionGuid = {FFC89904-2FCA-4922-B283-3FF4F71C1959}
	EndGlobalSection
EndGlobal
